
Microsoft Visual Studio Solution File, Format Version 12.00
# Visual Studio Version 17
VisualStudioVersion = 17.2.32519.379
MinimumVisualStudioVersion = 10.0.40219.1
Project("{9A19103F-16F7-4668-BE54-9A1E7A4F7556}") = "Basic Mokymai", "Basic Mokymai\Basic Mokymai.csproj", "{4AFD66C3-01F9-47A3-8157-B7CD79FC2829}"
EndProject
Project("{FAE04EC0-301F-11D3-BF4B-00C04F79EFBC}") = "Tower Of Hanoi", "Tower Of Hanoi\Tower Of Hanoi.csproj", "{65F38193-675A-4C92-882B-3214E59DC918}"
EndProject
Global
	GlobalSection(SolutionConfigurationPlatforms) = preSolution
		Debug|Any CPU = Debug|Any CPU
		Release|Any CPU = Release|Any CPU
	EndGlobalSection
	GlobalSection(ProjectConfigurationPlatforms) = postSolution
		{4AFD66C3-01F9-47A3-8157-B7CD79FC2829}.Debug|Any CPU.ActiveCfg = Debug|Any CPU
		{4AFD66C3-01F9-47A3-8157-B7CD79FC2829}.Debug|Any CPU.Build.0 = Debug|Any CPU
		{4AFD66C3-01F9-47A3-8157-B7CD79FC2829}.Release|Any CPU.ActiveCfg = Release|Any CPU
		{4AFD66C3-01F9-47A3-8157-B7CD79FC2829}.Release|Any CPU.Build.0 = Release|Any CPU
		{65F38193-675A-4C92-882B-3214E59DC918}.Debug|Any CPU.ActiveCfg = Debug|Any CPU
		{65F38193-675A-4C92-882B-3214E59DC918}.Debug|Any CPU.Build.0 = Debug|Any CPU
		{65F38193-675A-4C92-882B-3214E59DC918}.Release|Any CPU.ActiveCfg = Release|Any CPU
		{65F38193-675A-4C92-882B-3214E59DC918}.Release|Any CPU.Build.0 = Release|Any CPU
	EndGlobalSection
	GlobalSection(SolutionProperties) = preSolution
		HideSolutionNode = FALSE
	EndGlobalSection
	GlobalSection(ExtensibilityGlobals) = postSolution
		SolutionGuid = {04E1366B-456D-41E8-803F-4046ECE0E923}
	EndGlobalSection
EndGlobal
