
Microsoft Visual Studio Solution File, Format Version 12.00
# Visual Studio Version 17
VisualStudioVersion = 17.2.32519.379
MinimumVisualStudioVersion = 10.0.40219.1
Project("{9A19103F-16F7-4668-BE54-9A1E7A4F7556}") = "Basic Mokymai", "Basic Mokymai\Basic Mokymai.csproj", "{4AFD66C3-01F9-47A3-8157-B7CD79FC2829}"
EndProject
Project("{9A19103F-16F7-4668-BE54-9A1E7A4F7556}") = "Tower Of Hanoi", "Tower Of Hanoi\Tower Of Hanoi.csproj", "{65F38193-675A-4C92-882B-3214E59DC918}"
EndProject
Project("{9A19103F-16F7-4668-BE54-9A1E7A4F7556}") = "Kintamieji", "Kintamieji\Kintamieji.csproj", "{0CB34D04-E3B7-4AEC-9A09-DE9076D4EBC7}"
EndProject
Project("{9A19103F-16F7-4668-BE54-9A1E7A4F7556}") = "tipuKonversijos", "tipuKonversijos\tipuKonversijos.csproj", "{3FAB8E34-ADA5-4B50-BF95-2D087642DDDE}"
EndProject
Project("{9A19103F-16F7-4668-BE54-9A1E7A4F7556}") = "MatematiniaiOperatoriai1", "MatematiniaiOperatoriai1\MatematiniaiOperatoriai1.csproj", "{C4667798-90D3-4007-A03C-400D01CF64E6}"
EndProject
Project("{9A19103F-16F7-4668-BE54-9A1E7A4F7556}") = "Operatoriai", "Operatoriai\Operatoriai.csproj", "{0B8E6D98-BCF2-48B4-84D7-328BB2FFC304}"
EndProject
Project("{9A19103F-16F7-4668-BE54-9A1E7A4F7556}") = "Termometras ir Kelias", "Termometras ir Kelias\Termometras ir Kelias.csproj", "{B1430C44-4B2F-420C-B2AA-E0C3C227ADC5}"
EndProject
Project("{9A19103F-16F7-4668-BE54-9A1E7A4F7556}") = "Loginiai", "Loginiai\Loginiai.csproj", "{AEC8B20F-9E14-4D01-89A4-17478468810A}"
EndProject
Project("{9A19103F-16F7-4668-BE54-9A1E7A4F7556}") = "IF1", "IF1\IF1.csproj", "{0E0AFD45-912F-465D-AFE4-F0A02E3CBC55}"
EndProject
Project("{9A19103F-16F7-4668-BE54-9A1E7A4F7556}") = "Switch", "Switch\Switch.csproj", "{97CD717B-28DB-44B7-A63A-2A325C705C9A}"
EndProject
Project("{9A19103F-16F7-4668-BE54-9A1E7A4F7556}") = "Amziaus melagis", "Amziaus melagis\Amziaus melagis.csproj", "{496BDB4A-ED43-4532-85CA-1697E3A1E101}"
EndProject
Project("{FAE04EC0-301F-11D3-BF4B-00C04F79EFBC}") = "Metodai", "Metodai\Metodai.csproj", "{825F22EC-16E4-4D9D-9F99-6E08D39C6337}"
EndProject
Global
	GlobalSection(SolutionConfigurationPlatforms) = preSolution
		Debug|Any CPU = Debug|Any CPU
		Release|Any CPU = Release|Any CPU
	EndGlobalSection
	GlobalSection(ProjectConfigurationPlatforms) = postSolution
		{4AFD66C3-01F9-47A3-8157-B7CD79FC2829}.Debug|Any CPU.ActiveCfg = Debug|Any CPU
		{4AFD66C3-01F9-47A3-8157-B7CD79FC2829}.Debug|Any CPU.Build.0 = Debug|Any CPU
		{4AFD66C3-01F9-47A3-8157-B7CD79FC2829}.Release|Any CPU.ActiveCfg = Release|Any CPU
		{4AFD66C3-01F9-47A3-8157-B7CD79FC2829}.Release|Any CPU.Build.0 = Release|Any CPU
		{65F38193-675A-4C92-882B-3214E59DC918}.Debug|Any CPU.ActiveCfg = Debug|Any CPU
		{65F38193-675A-4C92-882B-3214E59DC918}.Debug|Any CPU.Build.0 = Debug|Any CPU
		{65F38193-675A-4C92-882B-3214E59DC918}.Release|Any CPU.ActiveCfg = Release|Any CPU
		{65F38193-675A-4C92-882B-3214E59DC918}.Release|Any CPU.Build.0 = Release|Any CPU
		{0CB34D04-E3B7-4AEC-9A09-DE9076D4EBC7}.Debug|Any CPU.ActiveCfg = Debug|Any CPU
		{0CB34D04-E3B7-4AEC-9A09-DE9076D4EBC7}.Debug|Any CPU.Build.0 = Debug|Any CPU
		{0CB34D04-E3B7-4AEC-9A09-DE9076D4EBC7}.Release|Any CPU.ActiveCfg = Release|Any CPU
		{0CB34D04-E3B7-4AEC-9A09-DE9076D4EBC7}.Release|Any CPU.Build.0 = Release|Any CPU
		{3FAB8E34-ADA5-4B50-BF95-2D087642DDDE}.Debug|Any CPU.ActiveCfg = Debug|Any CPU
		{3FAB8E34-ADA5-4B50-BF95-2D087642DDDE}.Debug|Any CPU.Build.0 = Debug|Any CPU
		{3FAB8E34-ADA5-4B50-BF95-2D087642DDDE}.Release|Any CPU.ActiveCfg = Release|Any CPU
		{3FAB8E34-ADA5-4B50-BF95-2D087642DDDE}.Release|Any CPU.Build.0 = Release|Any CPU
		{C4667798-90D3-4007-A03C-400D01CF64E6}.Debug|Any CPU.ActiveCfg = Debug|Any CPU
		{C4667798-90D3-4007-A03C-400D01CF64E6}.Debug|Any CPU.Build.0 = Debug|Any CPU
		{C4667798-90D3-4007-A03C-400D01CF64E6}.Release|Any CPU.ActiveCfg = Release|Any CPU
		{C4667798-90D3-4007-A03C-400D01CF64E6}.Release|Any CPU.Build.0 = Release|Any CPU
		{0B8E6D98-BCF2-48B4-84D7-328BB2FFC304}.Debug|Any CPU.ActiveCfg = Debug|Any CPU
		{0B8E6D98-BCF2-48B4-84D7-328BB2FFC304}.Debug|Any CPU.Build.0 = Debug|Any CPU
		{0B8E6D98-BCF2-48B4-84D7-328BB2FFC304}.Release|Any CPU.ActiveCfg = Release|Any CPU
		{0B8E6D98-BCF2-48B4-84D7-328BB2FFC304}.Release|Any CPU.Build.0 = Release|Any CPU
		{B1430C44-4B2F-420C-B2AA-E0C3C227ADC5}.Debug|Any CPU.ActiveCfg = Debug|Any CPU
		{B1430C44-4B2F-420C-B2AA-E0C3C227ADC5}.Debug|Any CPU.Build.0 = Debug|Any CPU
		{B1430C44-4B2F-420C-B2AA-E0C3C227ADC5}.Release|Any CPU.ActiveCfg = Release|Any CPU
		{B1430C44-4B2F-420C-B2AA-E0C3C227ADC5}.Release|Any CPU.Build.0 = Release|Any CPU
		{AEC8B20F-9E14-4D01-89A4-17478468810A}.Debug|Any CPU.ActiveCfg = Debug|Any CPU
		{AEC8B20F-9E14-4D01-89A4-17478468810A}.Debug|Any CPU.Build.0 = Debug|Any CPU
		{AEC8B20F-9E14-4D01-89A4-17478468810A}.Release|Any CPU.ActiveCfg = Release|Any CPU
		{AEC8B20F-9E14-4D01-89A4-17478468810A}.Release|Any CPU.Build.0 = Release|Any CPU
		{0E0AFD45-912F-465D-AFE4-F0A02E3CBC55}.Debug|Any CPU.ActiveCfg = Debug|Any CPU
		{0E0AFD45-912F-465D-AFE4-F0A02E3CBC55}.Debug|Any CPU.Build.0 = Debug|Any CPU
		{0E0AFD45-912F-465D-AFE4-F0A02E3CBC55}.Release|Any CPU.ActiveCfg = Release|Any CPU
		{0E0AFD45-912F-465D-AFE4-F0A02E3CBC55}.Release|Any CPU.Build.0 = Release|Any CPU
		{97CD717B-28DB-44B7-A63A-2A325C705C9A}.Debug|Any CPU.ActiveCfg = Debug|Any CPU
		{97CD717B-28DB-44B7-A63A-2A325C705C9A}.Debug|Any CPU.Build.0 = Debug|Any CPU
		{97CD717B-28DB-44B7-A63A-2A325C705C9A}.Release|Any CPU.ActiveCfg = Release|Any CPU
		{97CD717B-28DB-44B7-A63A-2A325C705C9A}.Release|Any CPU.Build.0 = Release|Any CPU
		{496BDB4A-ED43-4532-85CA-1697E3A1E101}.Debug|Any CPU.ActiveCfg = Debug|Any CPU
		{496BDB4A-ED43-4532-85CA-1697E3A1E101}.Debug|Any CPU.Build.0 = Debug|Any CPU
		{496BDB4A-ED43-4532-85CA-1697E3A1E101}.Release|Any CPU.ActiveCfg = Release|Any CPU
		{496BDB4A-ED43-4532-85CA-1697E3A1E101}.Release|Any CPU.Build.0 = Release|Any CPU
		{825F22EC-16E4-4D9D-9F99-6E08D39C6337}.Debug|Any CPU.ActiveCfg = Debug|Any CPU
		{825F22EC-16E4-4D9D-9F99-6E08D39C6337}.Debug|Any CPU.Build.0 = Debug|Any CPU
		{825F22EC-16E4-4D9D-9F99-6E08D39C6337}.Release|Any CPU.ActiveCfg = Release|Any CPU
		{825F22EC-16E4-4D9D-9F99-6E08D39C6337}.Release|Any CPU.Build.0 = Release|Any CPU
	EndGlobalSection
	GlobalSection(SolutionProperties) = preSolution
		HideSolutionNode = FALSE
	EndGlobalSection
	GlobalSection(ExtensibilityGlobals) = postSolution
		SolutionGuid = {04E1366B-456D-41E8-803F-4046ECE0E923}
	EndGlobalSection
EndGlobal
